
Microsoft Visual Studio Solution File, Format Version 12.00
# Visual Studio Version 17
VisualStudioVersion = 17.0.31717.71
MinimumVisualStudioVersion = 10.0.40219.1
Project("{FAE04EC0-301F-11D3-BF4B-00C04F79EFBC}") = "Net6Demo", "Net6Demo\Net6Demo.csproj", "{D19C4DA0-0C5E-4C09-B45E-B7971555557E}"
EndProject
Global
	GlobalSection(SolutionConfigurationPlatforms) = preSolution
		Debug|Any CPU = Debug|Any CPU
		Release|Any CPU = Release|Any CPU
	EndGlobalSection
	GlobalSection(ProjectConfigurationPlatforms) = postSolution
		{D19C4DA0-0C5E-4C09-B45E-B7971555557E}.Debug|Any CPU.ActiveCfg = Debug|Any CPU
		{D19C4DA0-0C5E-4C09-B45E-B7971555557E}.Debug|Any CPU.Build.0 = Debug|Any CPU
		{D19C4DA0-0C5E-4C09-B45E-B7971555557E}.Release|Any CPU.ActiveCfg = Release|Any CPU
		{D19C4DA0-0C5E-4C09-B45E-B7971555557E}.Release|Any CPU.Build.0 = Release|Any CPU
	EndGlobalSection
	GlobalSection(SolutionProperties) = preSolution
		HideSolutionNode = FALSE
	EndGlobalSection
	GlobalSection(ExtensibilityGlobals) = postSolution
		SolutionGuid = {E5223B35-A631-48B2-B82A-00DDD67B2888}
	EndGlobalSection
EndGlobal
